// !$*UTF8*$!
{
	archiveVersion = 1;
	classes = {
	};
	objectVersion = 50;
	objects = {

/* Begin PBXBuildFile section */
		BC3DF95221D78891001C3BBD /* Context.cpp in Sources */ = {isa = PBXBuildFile; fileRef = BC3DF95021D78891001C3BBD /* Context.cpp */; };
		BC3DF95421D7897D001C3BBD /* State.cpp in Sources */ = {isa = PBXBuildFile; fileRef = BC3DF95321D7897D001C3BBD /* State.cpp */; };
		BC3DF95521D79642001C3BBD /* State.hpp in Sources */ = {isa = PBXBuildFile; fileRef = BC3DF94821D7587A001C3BBD /* State.hpp */; };
		BC3DF95821D79642001C3BBD /* Context.hpp in Sources */ = {isa = PBXBuildFile; fileRef = BC3DF95121D78891001C3BBD /* Context.hpp */; };
		BC3DF95921D79642001C3BBD /* OutputComponent.hpp in Sources */ = {isa = PBXBuildFile; fileRef = BC49C20D21D6649400969D29 /* OutputComponent.hpp */; };
		BC3DF95A21D79642001C3BBD /* MT.hpp in Sources */ = {isa = PBXBuildFile; fileRef = BCAFACD521D337FB001BDB3A /* MT.hpp */; };
		BC3DF95B21D79642001C3BBD /* RNG_base.hpp in Sources */ = {isa = PBXBuildFile; fileRef = BCAFACD221D33542001BDB3A /* RNG_base.hpp */; };
		BC3DF95C21D79666001C3BBD /* implementedStates.hpp in Sources */ = {isa = PBXBuildFile; fileRef = BC3DF94E21D765FC001C3BBD /* implementedStates.hpp */; };
		BC3DF95F21D9E71F001C3BBD /* implementedStates.cpp in Sources */ = {isa = PBXBuildFile; fileRef = BC3DF94D21D765FC001C3BBD /* implementedStates.cpp */; };
		BC49C20E21D6649400969D29 /* OutputComponent.cpp in Sources */ = {isa = PBXBuildFile; fileRef = BC49C20C21D6649400969D29 /* OutputComponent.cpp */; };
		BCAFACCB21D334E3001BDB3A /* main.cpp in Sources */ = {isa = PBXBuildFile; fileRef = BCAFACCA21D334E3001BDB3A /* main.cpp */; };
		BCAFACD321D33542001BDB3A /* RNG_base.cpp in Sources */ = {isa = PBXBuildFile; fileRef = BCAFACD121D33542001BDB3A /* RNG_base.cpp */; };
		BCAFACD621D337FB001BDB3A /* MT.cpp in Sources */ = {isa = PBXBuildFile; fileRef = BCAFACD421D337FB001BDB3A /* MT.cpp */; };
/* End PBXBuildFile section */

/* Begin PBXCopyFilesBuildPhase section */
		BCAFACC521D334E3001BDB3A /* CopyFiles */ = {
			isa = PBXCopyFilesBuildPhase;
			buildActionMask = 2147483647;
			dstPath = /usr/share/man/man1/;
			dstSubfolderSpec = 0;
			files = (
			);
			runOnlyForDeploymentPostprocessing = 1;
		};
/* End PBXCopyFilesBuildPhase section */

/* Begin PBXFileReference section */
		BC3DF94821D7587A001C3BBD /* State.hpp */ = {isa = PBXFileReference; lastKnownFileType = sourcecode.cpp.h; path = State.hpp; sourceTree = "<group>"; };
		BC3DF94D21D765FC001C3BBD /* implementedStates.cpp */ = {isa = PBXFileReference; lastKnownFileType = sourcecode.cpp.cpp; path = implementedStates.cpp; sourceTree = "<group>"; };
		BC3DF94E21D765FC001C3BBD /* implementedStates.hpp */ = {isa = PBXFileReference; lastKnownFileType = sourcecode.cpp.h; path = implementedStates.hpp; sourceTree = "<group>"; };
		BC3DF95021D78891001C3BBD /* Context.cpp */ = {isa = PBXFileReference; lastKnownFileType = sourcecode.cpp.cpp; path = Context.cpp; sourceTree = "<group>"; };
		BC3DF95121D78891001C3BBD /* Context.hpp */ = {isa = PBXFileReference; lastKnownFileType = sourcecode.cpp.h; path = Context.hpp; sourceTree = "<group>"; };
		BC3DF95321D7897D001C3BBD /* State.cpp */ = {isa = PBXFileReference; lastKnownFileType = sourcecode.cpp.cpp; path = State.cpp; sourceTree = "<group>"; };
		BC49C20C21D6649400969D29 /* OutputComponent.cpp */ = {isa = PBXFileReference; lastKnownFileType = sourcecode.cpp.cpp; path = OutputComponent.cpp; sourceTree = "<group>"; };
		BC49C20D21D6649400969D29 /* OutputComponent.hpp */ = {isa = PBXFileReference; lastKnownFileType = sourcecode.cpp.h; path = OutputComponent.hpp; sourceTree = "<group>"; };
		BCAFACC721D334E3001BDB3A /* SED_assignment */ = {isa = PBXFileReference; explicitFileType = "compiled.mach-o.executable"; includeInIndex = 0; path = SED_assignment; sourceTree = BUILT_PRODUCTS_DIR; };
		BCAFACCA21D334E3001BDB3A /* main.cpp */ = {isa = PBXFileReference; lastKnownFileType = sourcecode.cpp.cpp; path = main.cpp; sourceTree = "<group>"; };
		BCAFACD121D33542001BDB3A /* RNG_base.cpp */ = {isa = PBXFileReference; lastKnownFileType = sourcecode.cpp.cpp; path = RNG_base.cpp; sourceTree = "<group>"; };
		BCAFACD221D33542001BDB3A /* RNG_base.hpp */ = {isa = PBXFileReference; lastKnownFileType = sourcecode.cpp.h; path = RNG_base.hpp; sourceTree = "<group>"; };
		BCAFACD421D337FB001BDB3A /* MT.cpp */ = {isa = PBXFileReference; lastKnownFileType = sourcecode.cpp.cpp; path = MT.cpp; sourceTree = "<group>"; };
		BCAFACD521D337FB001BDB3A /* MT.hpp */ = {isa = PBXFileReference; lastKnownFileType = sourcecode.cpp.h; path = MT.hpp; sourceTree = "<group>"; };
/* End PBXFileReference section */

/* Begin PBXFrameworksBuildPhase section */
		BCAFACC421D334E3001BDB3A /* Frameworks */ = {
			isa = PBXFrameworksBuildPhase;
			buildActionMask = 2147483647;
			files = (
			);
			runOnlyForDeploymentPostprocessing = 0;
		};
/* End PBXFrameworksBuildPhase section */

/* Begin PBXGroup section */
		BCAFACBE21D334E3001BDB3A = {
			isa = PBXGroup;
			children = (
				BCAFACC921D334E3001BDB3A /* SED_assignment */,
				BCAFACC821D334E3001BDB3A /* Products */,
			);
			sourceTree = "<group>";
		};
		BCAFACC821D334E3001BDB3A /* Products */ = {
			isa = PBXGroup;
			children = (
				BCAFACC721D334E3001BDB3A /* SED_assignment */,
			);
			name = Products;
			sourceTree = "<group>";
		};
		BCAFACC921D334E3001BDB3A /* SED_assignment */ = {
			isa = PBXGroup;
			children = (
				BCAFACCA21D334E3001BDB3A /* main.cpp */,
				BC3DF94821D7587A001C3BBD /* State.hpp */,
				BC3DF95321D7897D001C3BBD /* State.cpp */,
				BC3DF94D21D765FC001C3BBD /* implementedStates.cpp */,
				BC3DF94E21D765FC001C3BBD /* implementedStates.hpp */,
				BC3DF95021D78891001C3BBD /* Context.cpp */,
				BC3DF95121D78891001C3BBD /* Context.hpp */,
				BC49C20C21D6649400969D29 /* OutputComponent.cpp */,
				BC49C20D21D6649400969D29 /* OutputComponent.hpp */,
				BCAFACD421D337FB001BDB3A /* MT.cpp */,
				BCAFACD521D337FB001BDB3A /* MT.hpp */,
				BCAFACD121D33542001BDB3A /* RNG_base.cpp */,
				BCAFACD221D33542001BDB3A /* RNG_base.hpp */,
			);
			path = SED_assignment;
			sourceTree = "<group>";
		};
/* End PBXGroup section */

/* Begin PBXNativeTarget section */
		BCAFACC621D334E3001BDB3A /* SED_assignment */ = {
			isa = PBXNativeTarget;
			buildConfigurationList = BCAFACCE21D334E3001BDB3A /* Build configuration list for PBXNativeTarget "SED_assignment" */;
			buildPhases = (
				BCAFACC321D334E3001BDB3A /* Sources */,
				BCAFACC421D334E3001BDB3A /* Frameworks */,
				BCAFACC521D334E3001BDB3A /* CopyFiles */,
			);
			buildRules = (
			);
			dependencies = (
			);
			name = SED_assignment;
			productName = SED_assignment;
			productReference = BCAFACC721D334E3001BDB3A /* SED_assignment */;
			productType = "com.apple.product-type.tool";
		};
/* End PBXNativeTarget section */

/* Begin PBXProject section */
		BCAFACBF21D334E3001BDB3A /* Project object */ = {
			isa = PBXProject;
			attributes = {
				LastUpgradeCheck = 1010;
				ORGANIZATIONNAME = KoniKoni;
				TargetAttributes = {
					BCAFACC621D334E3001BDB3A = {
						CreatedOnToolsVersion = 10.1;
					};
				};
			};
			buildConfigurationList = BCAFACC221D334E3001BDB3A /* Build configuration list for PBXProject "SED_assignment" */;
			compatibilityVersion = "Xcode 9.3";
			developmentRegion = en;
			hasScannedForEncodings = 0;
			knownRegions = (
				en,
			);
			mainGroup = BCAFACBE21D334E3001BDB3A;
			productRefGroup = BCAFACC821D334E3001BDB3A /* Products */;
			projectDirPath = "";
			projectRoot = "";
			targets = (
				BCAFACC621D334E3001BDB3A /* SED_assignment */,
			);
		};
/* End PBXProject section */

/* Begin PBXSourcesBuildPhase section */
		BCAFACC321D334E3001BDB3A /* Sources */ = {
			isa = PBXSourcesBuildPhase;
			buildActionMask = 2147483647;
			files = (
				BC3DF95C21D79666001C3BBD /* implementedStates.hpp in Sources */,
				BC3DF95521D79642001C3BBD /* State.hpp in Sources */,
				BC3DF95821D79642001C3BBD /* Context.hpp in Sources */,
				BC3DF95921D79642001C3BBD /* OutputComponent.hpp in Sources */,
				BC3DF95A21D79642001C3BBD /* MT.hpp in Sources */,
				BC3DF95B21D79642001C3BBD /* RNG_base.hpp in Sources */,
				BC49C20E21D6649400969D29 /* OutputComponent.cpp in Sources */,
				BC3DF95F21D9E71F001C3BBD /* implementedStates.cpp in Sources */,
				BCAFACD621D337FB001BDB3A /* MT.cpp in Sources */,
				BCAFACD321D33542001BDB3A /* RNG_base.cpp in Sources */,
				BC3DF95221D78891001C3BBD /* Context.cpp in Sources */,
				BC3DF95421D7897D001C3BBD /* State.cpp in Sources */,
				BCAFACCB21D334E3001BDB3A /* main.cpp in Sources */,
			);
			runOnlyForDeploymentPostprocessing = 0;
		};
/* End PBXSourcesBuildPhase section */

/* Begin XCBuildConfiguration section */
		BCAFACCC21D334E3001BDB3A /* Debug */ = {
			isa = XCBuildConfiguration;
			buildSettings = {
				ALWAYS_SEARCH_USER_PATHS = NO;
				CLANG_ANALYZER_NONNULL = YES;
				CLANG_ANALYZER_NUMBER_OBJECT_CONVERSION = YES_AGGRESSIVE;
				CLANG_CXX_LANGUAGE_STANDARD = "gnu++14";
				CLANG_CXX_LIBRARY = "libc++";
				CLANG_ENABLE_MODULES = YES;
				CLANG_ENABLE_OBJC_ARC = YES;
				CLANG_ENABLE_OBJC_WEAK = YES;
				CLANG_WARN_BLOCK_CAPTURE_AUTORELEASING = YES;
				CLANG_WARN_BOOL_CONVERSION = YES;
				CLANG_WARN_COMMA = YES;
				CLANG_WARN_CONSTANT_CONVERSION = YES;
				CLANG_WARN_DEPRECATED_OBJC_IMPLEMENTATIONS = YES;
				CLANG_WARN_DIRECT_OBJC_ISA_USAGE = YES_ERROR;
				CLANG_WARN_DOCUMENTATION_COMMENTS = YES;
				CLANG_WARN_EMPTY_BODY = YES;
				CLANG_WARN_ENUM_CONVERSION = YES;
				CLANG_WARN_INFINITE_RECURSION = YES;
				CLANG_WARN_INT_CONVERSION = YES;
				CLANG_WARN_NON_LITERAL_NULL_CONVERSION = YES;
				CLANG_WARN_OBJC_IMPLICIT_RETAIN_SELF = YES;
				CLANG_WARN_OBJC_LITERAL_CONVERSION = YES;
				CLANG_WARN_OBJC_ROOT_CLASS = YES_ERROR;
				CLANG_WARN_RANGE_LOOP_ANALYSIS = YES;
				CLANG_WARN_STRICT_PROTOTYPES = YES;
				CLANG_WARN_SUSPICIOUS_MOVE = YES;
				CLANG_WARN_UNGUARDED_AVAILABILITY = YES_AGGRESSIVE;
				CLANG_WARN_UNREACHABLE_CODE = YES;
				CLANG_WARN__DUPLICATE_METHOD_MATCH = YES;
				CODE_SIGN_IDENTITY = "-";
				COPY_PHASE_STRIP = NO;
				DEBUG_INFORMATION_FORMAT = dwarf;
				ENABLE_STRICT_OBJC_MSGSEND = YES;
				ENABLE_TESTABILITY = YES;
				GCC_C_LANGUAGE_STANDARD = gnu11;
				GCC_DYNAMIC_NO_PIC = NO;
				GCC_NO_COMMON_BLOCKS = YES;
				GCC_OPTIMIZATION_LEVEL = 0;
				GCC_PREPROCESSOR_DEFINITIONS = (
					"DEBUG=1",
					"$(inherited)",
				);
				GCC_WARN_64_TO_32_BIT_CONVERSION = YES;
				GCC_WARN_ABOUT_RETURN_TYPE = YES_ERROR;
				GCC_WARN_UNDECLARED_SELECTOR = YES;
				GCC_WARN_UNINITIALIZED_AUTOS = YES_AGGRESSIVE;
				GCC_WARN_UNUSED_FUNCTION = YES;
				GCC_WARN_UNUSED_VARIABLE = YES;
				MACOSX_DEPLOYMENT_TARGET = 10.14;
				MTL_ENABLE_DEBUG_INFO = INCLUDE_SOURCE;
				MTL_FAST_MATH = YES;
				ONLY_ACTIVE_ARCH = YES;
				SDKROOT = macosx;
			};
			name = Debug;
		};
		BCAFACCD21D334E3001BDB3A /* Release */ = {
			isa = XCBuildConfiguration;
			buildSettings = {
				ALWAYS_SEARCH_USER_PATHS = NO;
				CLANG_ANALYZER_NONNULL = YES;
				CLANG_ANALYZER_NUMBER_OBJECT_CONVERSION = YES_AGGRESSIVE;
				CLANG_CXX_LANGUAGE_STANDARD = "gnu++14";
				CLANG_CXX_LIBRARY = "libc++";
				CLANG_ENABLE_MODULES = YES;
				CLANG_ENABLE_OBJC_ARC = YES;
				CLANG_ENABLE_OBJC_WEAK = YES;
				CLANG_WARN_BLOCK_CAPTURE_AUTORELEASING = YES;
				CLANG_WARN_BOOL_CONVERSION = YES;
				CLANG_WARN_COMMA = YES;
				CLANG_WARN_CONSTANT_CONVERSION = YES;
				CLANG_WARN_DEPRECATED_OBJC_IMPLEMENTATIONS = YES;
				CLANG_WARN_DIRECT_OBJC_ISA_USAGE = YES_ERROR;
				CLANG_WARN_DOCUMENTATION_COMMENTS = YES;
				CLANG_WARN_EMPTY_BODY = YES;
				CLANG_WARN_ENUM_CONVERSION = YES;
				CLANG_WARN_INFINITE_RECURSION = YES;
				CLANG_WARN_INT_CONVERSION = YES;
				CLANG_WARN_NON_LITERAL_NULL_CONVERSION = YES;
				CLANG_WARN_OBJC_IMPLICIT_RETAIN_SELF = YES;
				CLANG_WARN_OBJC_LITERAL_CONVERSION = YES;
				CLANG_WARN_OBJC_ROOT_CLASS = YES_ERROR;
				CLANG_WARN_RANGE_LOOP_ANALYSIS = YES;
				CLANG_WARN_STRICT_PROTOTYPES = YES;
				CLANG_WARN_SUSPICIOUS_MOVE = YES;
				CLANG_WARN_UNGUARDED_AVAILABILITY = YES_AGGRESSIVE;
				CLANG_WARN_UNREACHABLE_CODE = YES;
				CLANG_WARN__DUPLICATE_METHOD_MATCH = YES;
				CODE_SIGN_IDENTITY = "-";
				COPY_PHASE_STRIP = NO;
				DEBUG_INFORMATION_FORMAT = "dwarf-with-dsym";
				ENABLE_NS_ASSERTIONS = NO;
				ENABLE_STRICT_OBJC_MSGSEND = YES;
				GCC_C_LANGUAGE_STANDARD = gnu11;
				GCC_NO_COMMON_BLOCKS = YES;
				GCC_WARN_64_TO_32_BIT_CONVERSION = YES;
				GCC_WARN_ABOUT_RETURN_TYPE = YES_ERROR;
				GCC_WARN_UNDECLARED_SELECTOR = YES;
				GCC_WARN_UNINITIALIZED_AUTOS = YES_AGGRESSIVE;
				GCC_WARN_UNUSED_FUNCTION = YES;
				GCC_WARN_UNUSED_VARIABLE = YES;
				MACOSX_DEPLOYMENT_TARGET = 10.14;
				MTL_ENABLE_DEBUG_INFO = NO;
				MTL_FAST_MATH = YES;
				SDKROOT = macosx;
			};
			name = Release;
		};
		BCAFACCF21D334E3001BDB3A /* Debug */ = {
			isa = XCBuildConfiguration;
			buildSettings = {
				CODE_SIGN_STYLE = Automatic;
				PRODUCT_NAME = "$(TARGET_NAME)";
			};
			name = Debug;
		};
		BCAFACD021D334E3001BDB3A /* Release */ = {
			isa = XCBuildConfiguration;
			buildSettings = {
				CODE_SIGN_STYLE = Automatic;
				PRODUCT_NAME = "$(TARGET_NAME)";
			};
			name = Release;
		};
/* End XCBuildConfiguration section */

/* Begin XCConfigurationList section */
		BCAFACC221D334E3001BDB3A /* Build configuration list for PBXProject "SED_assignment" */ = {
			isa = XCConfigurationList;
			buildConfigurations = (
				BCAFACCC21D334E3001BDB3A /* Debug */,
				BCAFACCD21D334E3001BDB3A /* Release */,
			);
			defaultConfigurationIsVisible = 0;
			defaultConfigurationName = Release;
		};
		BCAFACCE21D334E3001BDB3A /* Build configuration list for PBXNativeTarget "SED_assignment" */ = {
			isa = XCConfigurationList;
			buildConfigurations = (
				BCAFACCF21D334E3001BDB3A /* Debug */,
				BCAFACD021D334E3001BDB3A /* Release */,
			);
			defaultConfigurationIsVisible = 0;
			defaultConfigurationName = Release;
		};
/* End XCConfigurationList section */
	};
	rootObject = BCAFACBF21D334E3001BDB3A /* Project object */;
}
